
Microsoft Visual Studio Solution File, Format Version 12.00
# Visual Studio 15
VisualStudioVersion = 15.0.28010.2048
MinimumVisualStudioVersion = 10.0.40219.1
Project("{8BC9CEB8-8B4A-11D0-8D11-00A0C91BC942}") = "Lab1.1", "C:\Users\Alexander\source\repos\Project1\Project1.vcxproj", "{489978AF-8621-475A-A834-55100807A3F9}"
EndProject
Project("{8BC9CEB8-8B4A-11D0-8D11-00A0C91BC942}") = "Lab2.1", "C:\Users\Alexander\source\repos\Lab 2\Lab 2.vcxproj", "{0509C2FD-CD32-43AA-8DE2-FC60F325396C}"
EndProject
Project("{8BC9CEB8-8B4A-11D0-8D11-00A0C91BC942}") = "Lab3.1", "Lab3\Lab3.vcxproj", "{CF649787-307C-4031-BB86-90CF86EFDDBE}"
EndProject
Project("{8BC9CEB8-8B4A-11D0-8D11-00A0C91BC942}") = "Lab3.2", "Lab3.1.c\Lab3.1.c.vcxproj", "{01BD32FC-B9A4-4638-9C79-F8CDC4FBFE7D}"
EndProject
Project("{8BC9CEB8-8B4A-11D0-8D11-00A0C91BC942}") = "Lab2.2", "Lab2.2\Lab2.2.vcxproj", "{EAA803AF-D9D6-4BEA-AF13-634AE5EE0110}"
EndProject
Project("{8BC9CEB8-8B4A-11D0-8D11-00A0C91BC942}") = "Lab1.2", "Lab1.2\Lab1.2.vcxproj", "{4F7CE4F7-95D5-4909-85CD-B651C3C94C4D}"
EndProject
Project("{8BC9CEB8-8B4A-11D0-8D11-00A0C91BC942}") = "Lab1.3", "Lab1.3\Lab1.3.vcxproj", "{3EA664B4-6A48-492D-B60A-E35838FB8A3A}"
EndProject
Project("{8BC9CEB8-8B4A-11D0-8D11-00A0C91BC942}") = "Lab4.1", "Lab4.1\Lab4.1.vcxproj", "{089F1DAA-4A53-4EE7-BFC8-4B43303627E2}"
EndProject
Project("{8BC9CEB8-8B4A-11D0-8D11-00A0C91BC942}") = "Lab4.2", "Lab4.2\Lab4.2.vcxproj", "{28E4FB06-BAB2-421E-92F1-6A143743F183}"
EndProject
Global
	GlobalSection(SolutionConfigurationPlatforms) = preSolution
		Debug|x64 = Debug|x64
		Debug|x86 = Debug|x86
		Release|x64 = Release|x64
		Release|x86 = Release|x86
	EndGlobalSection
	GlobalSection(ProjectConfigurationPlatforms) = postSolution
		{489978AF-8621-475A-A834-55100807A3F9}.Debug|x64.ActiveCfg = Debug|x64
		{489978AF-8621-475A-A834-55100807A3F9}.Debug|x64.Build.0 = Debug|x64
		{489978AF-8621-475A-A834-55100807A3F9}.Debug|x86.ActiveCfg = Debug|Win32
		{489978AF-8621-475A-A834-55100807A3F9}.Debug|x86.Build.0 = Debug|Win32
		{489978AF-8621-475A-A834-55100807A3F9}.Release|x64.ActiveCfg = Release|x64
		{489978AF-8621-475A-A834-55100807A3F9}.Release|x64.Build.0 = Release|x64
		{489978AF-8621-475A-A834-55100807A3F9}.Release|x86.ActiveCfg = Release|Win32
		{489978AF-8621-475A-A834-55100807A3F9}.Release|x86.Build.0 = Release|Win32
		{0509C2FD-CD32-43AA-8DE2-FC60F325396C}.Debug|x64.ActiveCfg = Debug|x64
		{0509C2FD-CD32-43AA-8DE2-FC60F325396C}.Debug|x64.Build.0 = Debug|x64
		{0509C2FD-CD32-43AA-8DE2-FC60F325396C}.Debug|x86.ActiveCfg = Debug|Win32
		{0509C2FD-CD32-43AA-8DE2-FC60F325396C}.Debug|x86.Build.0 = Debug|Win32
		{0509C2FD-CD32-43AA-8DE2-FC60F325396C}.Release|x64.ActiveCfg = Release|x64
		{0509C2FD-CD32-43AA-8DE2-FC60F325396C}.Release|x64.Build.0 = Release|x64
		{0509C2FD-CD32-43AA-8DE2-FC60F325396C}.Release|x86.ActiveCfg = Release|Win32
		{0509C2FD-CD32-43AA-8DE2-FC60F325396C}.Release|x86.Build.0 = Release|Win32
		{CF649787-307C-4031-BB86-90CF86EFDDBE}.Debug|x64.ActiveCfg = Debug|x64
		{CF649787-307C-4031-BB86-90CF86EFDDBE}.Debug|x64.Build.0 = Debug|x64
		{CF649787-307C-4031-BB86-90CF86EFDDBE}.Debug|x86.ActiveCfg = Debug|Win32
		{CF649787-307C-4031-BB86-90CF86EFDDBE}.Debug|x86.Build.0 = Debug|Win32
		{CF649787-307C-4031-BB86-90CF86EFDDBE}.Release|x64.ActiveCfg = Release|x64
		{CF649787-307C-4031-BB86-90CF86EFDDBE}.Release|x64.Build.0 = Release|x64
		{CF649787-307C-4031-BB86-90CF86EFDDBE}.Release|x86.ActiveCfg = Release|Win32
		{CF649787-307C-4031-BB86-90CF86EFDDBE}.Release|x86.Build.0 = Release|Win32
		{01BD32FC-B9A4-4638-9C79-F8CDC4FBFE7D}.Debug|x64.ActiveCfg = Debug|x64
		{01BD32FC-B9A4-4638-9C79-F8CDC4FBFE7D}.Debug|x64.Build.0 = Debug|x64
		{01BD32FC-B9A4-4638-9C79-F8CDC4FBFE7D}.Debug|x86.ActiveCfg = Debug|Win32
		{01BD32FC-B9A4-4638-9C79-F8CDC4FBFE7D}.Debug|x86.Build.0 = Debug|Win32
		{01BD32FC-B9A4-4638-9C79-F8CDC4FBFE7D}.Release|x64.ActiveCfg = Release|x64
		{01BD32FC-B9A4-4638-9C79-F8CDC4FBFE7D}.Release|x64.Build.0 = Release|x64
		{01BD32FC-B9A4-4638-9C79-F8CDC4FBFE7D}.Release|x86.ActiveCfg = Release|Win32
		{01BD32FC-B9A4-4638-9C79-F8CDC4FBFE7D}.Release|x86.Build.0 = Release|Win32
		{EAA803AF-D9D6-4BEA-AF13-634AE5EE0110}.Debug|x64.ActiveCfg = Debug|x64
		{EAA803AF-D9D6-4BEA-AF13-634AE5EE0110}.Debug|x64.Build.0 = Debug|x64
		{EAA803AF-D9D6-4BEA-AF13-634AE5EE0110}.Debug|x86.ActiveCfg = Debug|Win32
		{EAA803AF-D9D6-4BEA-AF13-634AE5EE0110}.Debug|x86.Build.0 = Debug|Win32
		{EAA803AF-D9D6-4BEA-AF13-634AE5EE0110}.Release|x64.ActiveCfg = Release|x64
		{EAA803AF-D9D6-4BEA-AF13-634AE5EE0110}.Release|x64.Build.0 = Release|x64
		{EAA803AF-D9D6-4BEA-AF13-634AE5EE0110}.Release|x86.ActiveCfg = Release|Win32
		{EAA803AF-D9D6-4BEA-AF13-634AE5EE0110}.Release|x86.Build.0 = Release|Win32
		{4F7CE4F7-95D5-4909-85CD-B651C3C94C4D}.Debug|x64.ActiveCfg = Debug|x64
		{4F7CE4F7-95D5-4909-85CD-B651C3C94C4D}.Debug|x64.Build.0 = Debug|x64
		{4F7CE4F7-95D5-4909-85CD-B651C3C94C4D}.Debug|x86.ActiveCfg = Debug|Win32
		{4F7CE4F7-95D5-4909-85CD-B651C3C94C4D}.Debug|x86.Build.0 = Debug|Win32
		{4F7CE4F7-95D5-4909-85CD-B651C3C94C4D}.Release|x64.ActiveCfg = Release|x64
		{4F7CE4F7-95D5-4909-85CD-B651C3C94C4D}.Release|x64.Build.0 = Release|x64
		{4F7CE4F7-95D5-4909-85CD-B651C3C94C4D}.Release|x86.ActiveCfg = Release|Win32
		{4F7CE4F7-95D5-4909-85CD-B651C3C94C4D}.Release|x86.Build.0 = Release|Win32
		{3EA664B4-6A48-492D-B60A-E35838FB8A3A}.Debug|x64.ActiveCfg = Debug|x64
		{3EA664B4-6A48-492D-B60A-E35838FB8A3A}.Debug|x64.Build.0 = Debug|x64
		{3EA664B4-6A48-492D-B60A-E35838FB8A3A}.Debug|x86.ActiveCfg = Debug|Win32
		{3EA664B4-6A48-492D-B60A-E35838FB8A3A}.Debug|x86.Build.0 = Debug|Win32
		{3EA664B4-6A48-492D-B60A-E35838FB8A3A}.Release|x64.ActiveCfg = Release|x64
		{3EA664B4-6A48-492D-B60A-E35838FB8A3A}.Release|x64.Build.0 = Release|x64
		{3EA664B4-6A48-492D-B60A-E35838FB8A3A}.Release|x86.ActiveCfg = Release|Win32
		{3EA664B4-6A48-492D-B60A-E35838FB8A3A}.Release|x86.Build.0 = Release|Win32
		{089F1DAA-4A53-4EE7-BFC8-4B43303627E2}.Debug|x64.ActiveCfg = Debug|x64
		{089F1DAA-4A53-4EE7-BFC8-4B43303627E2}.Debug|x64.Build.0 = Debug|x64
		{089F1DAA-4A53-4EE7-BFC8-4B43303627E2}.Debug|x86.ActiveCfg = Debug|Win32
		{089F1DAA-4A53-4EE7-BFC8-4B43303627E2}.Debug|x86.Build.0 = Debug|Win32
		{089F1DAA-4A53-4EE7-BFC8-4B43303627E2}.Release|x64.ActiveCfg = Release|x64
		{089F1DAA-4A53-4EE7-BFC8-4B43303627E2}.Release|x64.Build.0 = Release|x64
		{089F1DAA-4A53-4EE7-BFC8-4B43303627E2}.Release|x86.ActiveCfg = Release|Win32
		{089F1DAA-4A53-4EE7-BFC8-4B43303627E2}.Release|x86.Build.0 = Release|Win32
		{28E4FB06-BAB2-421E-92F1-6A143743F183}.Debug|x64.ActiveCfg = Debug|x64
		{28E4FB06-BAB2-421E-92F1-6A143743F183}.Debug|x64.Build.0 = Debug|x64
		{28E4FB06-BAB2-421E-92F1-6A143743F183}.Debug|x86.ActiveCfg = Debug|Win32
		{28E4FB06-BAB2-421E-92F1-6A143743F183}.Debug|x86.Build.0 = Debug|Win32
		{28E4FB06-BAB2-421E-92F1-6A143743F183}.Release|x64.ActiveCfg = Release|x64
		{28E4FB06-BAB2-421E-92F1-6A143743F183}.Release|x64.Build.0 = Release|x64
		{28E4FB06-BAB2-421E-92F1-6A143743F183}.Release|x86.ActiveCfg = Release|Win32
		{28E4FB06-BAB2-421E-92F1-6A143743F183}.Release|x86.Build.0 = Release|Win32
	EndGlobalSection
	GlobalSection(SolutionProperties) = preSolution
		HideSolutionNode = FALSE
	EndGlobalSection
	GlobalSection(ExtensibilityGlobals) = postSolution
		SolutionGuid = {DFC415BE-13D3-4EB0-980B-AA8E936D6022}
	EndGlobalSection
EndGlobal
